
Microsoft Visual Studio Solution File, Format Version 12.00
# Visual Studio Version 16
VisualStudioVersion = 16.0.31321.278
MinimumVisualStudioVersion = 10.0.40219.1
Project("{FAE04EC0-301F-11D3-BF4B-00C04F79EFBC}") = "DisciRandevuApp", "DisciRandevuApp\DisciRandevuApp.csproj", "{63606CD7-132F-4D63-A010-C892C1365EE8}"
EndProject
Global
	GlobalSection(SolutionConfigurationPlatforms) = preSolution
		Debug|Any CPU = Debug|Any CPU
		Release|Any CPU = Release|Any CPU
	EndGlobalSection
	GlobalSection(ProjectConfigurationPlatforms) = postSolution
		{63606CD7-132F-4D63-A010-C892C1365EE8}.Debug|Any CPU.ActiveCfg = Debug|Any CPU
		{63606CD7-132F-4D63-A010-C892C1365EE8}.Debug|Any CPU.Build.0 = Debug|Any CPU
		{63606CD7-132F-4D63-A010-C892C1365EE8}.Release|Any CPU.ActiveCfg = Release|Any CPU
		{63606CD7-132F-4D63-A010-C892C1365EE8}.Release|Any CPU.Build.0 = Release|Any CPU
	EndGlobalSection
	GlobalSection(SolutionProperties) = preSolution
		HideSolutionNode = FALSE
	EndGlobalSection
	GlobalSection(ExtensibilityGlobals) = postSolution
		SolutionGuid = {D5E7B6EA-F89D-4452-B13D-C16A6413EDD4}
	EndGlobalSection
EndGlobal
